
Microsoft Visual Studio Solution File, Format Version 12.00
# Visual Studio Version 17
VisualStudioVersion = 17.4.33110.190
MinimumVisualStudioVersion = 10.0.40219.1
Project("{FAE04EC0-301F-11D3-BF4B-00C04F79EFBC}") = "exam2022", "exam2022\exam2022.csproj", "{9371AF51-3599-4406-ACC1-B785CEE3023F}"
EndProject
Global
	GlobalSection(SolutionConfigurationPlatforms) = preSolution
		Debug|Any CPU = Debug|Any CPU
		Release|Any CPU = Release|Any CPU
	EndGlobalSection
	GlobalSection(ProjectConfigurationPlatforms) = postSolution
		{9371AF51-3599-4406-ACC1-B785CEE3023F}.Debug|Any CPU.ActiveCfg = Debug|Any CPU
		{9371AF51-3599-4406-ACC1-B785CEE3023F}.Debug|Any CPU.Build.0 = Debug|Any CPU
		{9371AF51-3599-4406-ACC1-B785CEE3023F}.Release|Any CPU.ActiveCfg = Release|Any CPU
		{9371AF51-3599-4406-ACC1-B785CEE3023F}.Release|Any CPU.Build.0 = Release|Any CPU
	EndGlobalSection
	GlobalSection(SolutionProperties) = preSolution
		HideSolutionNode = FALSE
	EndGlobalSection
	GlobalSection(ExtensibilityGlobals) = postSolution
		SolutionGuid = {2D88150F-28F6-4E31-BEA6-18C9909C2E2E}
	EndGlobalSection
EndGlobal
